
Microsoft Visual Studio Solution File, Format Version 12.00
# Visual Studio 15
VisualStudioVersion = 15.0.27130.2027
MinimumVisualStudioVersion = 10.0.40219.1
Project("{2150E333-8FDC-42A3-9474-1A3956D46DE8}") = "XP", "XP", "{66EB42B8-A09C-4C89-AA66-D999546AF838}"
EndProject
Project("{FAE04EC0-301F-11D3-BF4B-00C04F79EFBC}") = "EasyNavi.Android", "EasyNavi\EasyNavi.Android\EasyNavi.Android.csproj", "{E13A3EE2-51E3-4231-8D9A-9B25DD6C7E9F}"
EndProject
Project("{FAE04EC0-301F-11D3-BF4B-00C04F79EFBC}") = "EasyNavi.iOS", "EasyNavi\EasyNavi.iOS\EasyNavi.iOS.csproj", "{D4184785-C480-4FCC-878B-C986B5F54334}"
EndProject
Project("{9A19103F-16F7-4668-BE54-9A1E7A4F7556}") = "EasyNavi.Core", "EasyNavi\EasyNavi\EasyNavi.Core.csproj", "{D04344C1-87B3-4CE6-8379-D1C3CAE6BF5C}"
EndProject
Project("{9A19103F-16F7-4668-BE54-9A1E7A4F7556}") = "EasyNavi.PluginInterfaces", "EasyNavi.PluginInterfaces\EasyNavi.PluginInterfaces.csproj", "{6C174D7F-8298-42AA-9652-2B9C07C456F5}"
EndProject
Project("{2150E333-8FDC-42A3-9474-1A3956D46DE8}") = "Plugins", "Plugins", "{31E8E863-FA74-4076-A4BD-028B63124DC4}"
EndProject
Project("{9A19103F-16F7-4668-BE54-9A1E7A4F7556}") = "EasyNavi.Plugin.License", "EasyNavi.Plugin.License\EasyNavi.Plugin.License.csproj", "{F886EEC2-3B9F-4172-9C48-7F98796C2D0B}"
EndProject
Project("{2150E333-8FDC-42A3-9474-1A3956D46DE8}") = "Models", "Models", "{DF8363DD-57E9-4CF2-9930-C3334AD3B43E}"
EndProject
Project("{9A19103F-16F7-4668-BE54-9A1E7A4F7556}") = "EasyNavi.Models.APIJsonModels", "EasyNavi.Models.APIJsonModels\EasyNavi.Models.APIJsonModels.csproj", "{365FE35E-65DD-412E-9FD4-FA193CFD63B2}"
EndProject
Project("{2150E333-8FDC-42A3-9474-1A3956D46DE8}") = "ContentsManagement", "ContentsManagement", "{4BB7FC60-45AB-4001-8D93-86532AA7DA4B}"
EndProject
Project("{FAE04EC0-301F-11D3-BF4B-00C04F79EFBC}") = "ContentsManagementStudio", "ContentsManagementStudio\ContentsManagementStudio.csproj", "{4A2F6B68-A7E7-4CA3-9CDD-665D5AEC3092}"
EndProject
Global
	GlobalSection(SolutionConfigurationPlatforms) = preSolution
		Ad-Hoc|Any CPU = Ad-Hoc|Any CPU
		Ad-Hoc|iPhone = Ad-Hoc|iPhone
		Ad-Hoc|iPhoneSimulator = Ad-Hoc|iPhoneSimulator
		AppStore|Any CPU = AppStore|Any CPU
		AppStore|iPhone = AppStore|iPhone
		AppStore|iPhoneSimulator = AppStore|iPhoneSimulator
		Debug|Any CPU = Debug|Any CPU
		Debug|iPhone = Debug|iPhone
		Debug|iPhoneSimulator = Debug|iPhoneSimulator
		Release|Any CPU = Release|Any CPU
		Release|iPhone = Release|iPhone
		Release|iPhoneSimulator = Release|iPhoneSimulator
	EndGlobalSection
	GlobalSection(ProjectConfigurationPlatforms) = postSolution
		{E13A3EE2-51E3-4231-8D9A-9B25DD6C7E9F}.Ad-Hoc|Any CPU.ActiveCfg = Release|Any CPU
		{E13A3EE2-51E3-4231-8D9A-9B25DD6C7E9F}.Ad-Hoc|Any CPU.Build.0 = Release|Any CPU
		{E13A3EE2-51E3-4231-8D9A-9B25DD6C7E9F}.Ad-Hoc|Any CPU.Deploy.0 = Release|Any CPU
		{E13A3EE2-51E3-4231-8D9A-9B25DD6C7E9F}.Ad-Hoc|iPhone.ActiveCfg = Release|Any CPU
		{E13A3EE2-51E3-4231-8D9A-9B25DD6C7E9F}.Ad-Hoc|iPhone.Build.0 = Release|Any CPU
		{E13A3EE2-51E3-4231-8D9A-9B25DD6C7E9F}.Ad-Hoc|iPhone.Deploy.0 = Release|Any CPU
		{E13A3EE2-51E3-4231-8D9A-9B25DD6C7E9F}.Ad-Hoc|iPhoneSimulator.ActiveCfg = Release|Any CPU
		{E13A3EE2-51E3-4231-8D9A-9B25DD6C7E9F}.Ad-Hoc|iPhoneSimulator.Build.0 = Release|Any CPU
		{E13A3EE2-51E3-4231-8D9A-9B25DD6C7E9F}.Ad-Hoc|iPhoneSimulator.Deploy.0 = Release|Any CPU
		{E13A3EE2-51E3-4231-8D9A-9B25DD6C7E9F}.AppStore|Any CPU.ActiveCfg = Release|Any CPU
		{E13A3EE2-51E3-4231-8D9A-9B25DD6C7E9F}.AppStore|Any CPU.Build.0 = Release|Any CPU
		{E13A3EE2-51E3-4231-8D9A-9B25DD6C7E9F}.AppStore|Any CPU.Deploy.0 = Release|Any CPU
		{E13A3EE2-51E3-4231-8D9A-9B25DD6C7E9F}.AppStore|iPhone.ActiveCfg = Release|Any CPU
		{E13A3EE2-51E3-4231-8D9A-9B25DD6C7E9F}.AppStore|iPhone.Build.0 = Release|Any CPU
		{E13A3EE2-51E3-4231-8D9A-9B25DD6C7E9F}.AppStore|iPhone.Deploy.0 = Release|Any CPU
		{E13A3EE2-51E3-4231-8D9A-9B25DD6C7E9F}.AppStore|iPhoneSimulator.ActiveCfg = Release|Any CPU
		{E13A3EE2-51E3-4231-8D9A-9B25DD6C7E9F}.AppStore|iPhoneSimulator.Build.0 = Release|Any CPU
		{E13A3EE2-51E3-4231-8D9A-9B25DD6C7E9F}.AppStore|iPhoneSimulator.Deploy.0 = Release|Any CPU
		{E13A3EE2-51E3-4231-8D9A-9B25DD6C7E9F}.Debug|Any CPU.ActiveCfg = Debug|Any CPU
		{E13A3EE2-51E3-4231-8D9A-9B25DD6C7E9F}.Debug|Any CPU.Build.0 = Debug|Any CPU
		{E13A3EE2-51E3-4231-8D9A-9B25DD6C7E9F}.Debug|Any CPU.Deploy.0 = Debug|Any CPU
		{E13A3EE2-51E3-4231-8D9A-9B25DD6C7E9F}.Debug|iPhone.ActiveCfg = Debug|Any CPU
		{E13A3EE2-51E3-4231-8D9A-9B25DD6C7E9F}.Debug|iPhone.Build.0 = Debug|Any CPU
		{E13A3EE2-51E3-4231-8D9A-9B25DD6C7E9F}.Debug|iPhone.Deploy.0 = Debug|Any CPU
		{E13A3EE2-51E3-4231-8D9A-9B25DD6C7E9F}.Debug|iPhoneSimulator.ActiveCfg = Debug|Any CPU
		{E13A3EE2-51E3-4231-8D9A-9B25DD6C7E9F}.Debug|iPhoneSimulator.Build.0 = Debug|Any CPU
		{E13A3EE2-51E3-4231-8D9A-9B25DD6C7E9F}.Debug|iPhoneSimulator.Deploy.0 = Debug|Any CPU
		{E13A3EE2-51E3-4231-8D9A-9B25DD6C7E9F}.Release|Any CPU.ActiveCfg = Release|Any CPU
		{E13A3EE2-51E3-4231-8D9A-9B25DD6C7E9F}.Release|Any CPU.Build.0 = Release|Any CPU
		{E13A3EE2-51E3-4231-8D9A-9B25DD6C7E9F}.Release|Any CPU.Deploy.0 = Release|Any CPU
		{E13A3EE2-51E3-4231-8D9A-9B25DD6C7E9F}.Release|iPhone.ActiveCfg = Release|Any CPU
		{E13A3EE2-51E3-4231-8D9A-9B25DD6C7E9F}.Release|iPhone.Build.0 = Release|Any CPU
		{E13A3EE2-51E3-4231-8D9A-9B25DD6C7E9F}.Release|iPhone.Deploy.0 = Release|Any CPU
		{E13A3EE2-51E3-4231-8D9A-9B25DD6C7E9F}.Release|iPhoneSimulator.ActiveCfg = Release|Any CPU
		{E13A3EE2-51E3-4231-8D9A-9B25DD6C7E9F}.Release|iPhoneSimulator.Build.0 = Release|Any CPU
		{E13A3EE2-51E3-4231-8D9A-9B25DD6C7E9F}.Release|iPhoneSimulator.Deploy.0 = Release|Any CPU
		{D4184785-C480-4FCC-878B-C986B5F54334}.Ad-Hoc|Any CPU.ActiveCfg = Ad-Hoc|iPhone
		{D4184785-C480-4FCC-878B-C986B5F54334}.Ad-Hoc|iPhone.ActiveCfg = Ad-Hoc|iPhone
		{D4184785-C480-4FCC-878B-C986B5F54334}.Ad-Hoc|iPhone.Build.0 = Ad-Hoc|iPhone
		{D4184785-C480-4FCC-878B-C986B5F54334}.Ad-Hoc|iPhoneSimulator.ActiveCfg = Ad-Hoc|iPhoneSimulator
		{D4184785-C480-4FCC-878B-C986B5F54334}.Ad-Hoc|iPhoneSimulator.Build.0 = Ad-Hoc|iPhoneSimulator
		{D4184785-C480-4FCC-878B-C986B5F54334}.AppStore|Any CPU.ActiveCfg = AppStore|iPhone
		{D4184785-C480-4FCC-878B-C986B5F54334}.AppStore|iPhone.ActiveCfg = AppStore|iPhone
		{D4184785-C480-4FCC-878B-C986B5F54334}.AppStore|iPhone.Build.0 = AppStore|iPhone
		{D4184785-C480-4FCC-878B-C986B5F54334}.AppStore|iPhoneSimulator.ActiveCfg = AppStore|iPhoneSimulator
		{D4184785-C480-4FCC-878B-C986B5F54334}.AppStore|iPhoneSimulator.Build.0 = AppStore|iPhoneSimulator
		{D4184785-C480-4FCC-878B-C986B5F54334}.Debug|Any CPU.ActiveCfg = Debug|iPhone
		{D4184785-C480-4FCC-878B-C986B5F54334}.Debug|iPhone.ActiveCfg = Debug|iPhone
		{D4184785-C480-4FCC-878B-C986B5F54334}.Debug|iPhone.Build.0 = Debug|iPhone
		{D4184785-C480-4FCC-878B-C986B5F54334}.Debug|iPhoneSimulator.ActiveCfg = Debug|iPhoneSimulator
		{D4184785-C480-4FCC-878B-C986B5F54334}.Debug|iPhoneSimulator.Build.0 = Debug|iPhoneSimulator
		{D4184785-C480-4FCC-878B-C986B5F54334}.Release|Any CPU.ActiveCfg = Release|iPhone
		{D4184785-C480-4FCC-878B-C986B5F54334}.Release|iPhone.ActiveCfg = Release|iPhone
		{D4184785-C480-4FCC-878B-C986B5F54334}.Release|iPhone.Build.0 = Release|iPhone
		{D4184785-C480-4FCC-878B-C986B5F54334}.Release|iPhoneSimulator.ActiveCfg = Release|iPhoneSimulator
		{D4184785-C480-4FCC-878B-C986B5F54334}.Release|iPhoneSimulator.Build.0 = Release|iPhoneSimulator
		{D04344C1-87B3-4CE6-8379-D1C3CAE6BF5C}.Ad-Hoc|Any CPU.ActiveCfg = Debug|Any CPU
		{D04344C1-87B3-4CE6-8379-D1C3CAE6BF5C}.Ad-Hoc|Any CPU.Build.0 = Debug|Any CPU
		{D04344C1-87B3-4CE6-8379-D1C3CAE6BF5C}.Ad-Hoc|iPhone.ActiveCfg = Debug|Any CPU
		{D04344C1-87B3-4CE6-8379-D1C3CAE6BF5C}.Ad-Hoc|iPhone.Build.0 = Debug|Any CPU
		{D04344C1-87B3-4CE6-8379-D1C3CAE6BF5C}.Ad-Hoc|iPhoneSimulator.ActiveCfg = Debug|Any CPU
		{D04344C1-87B3-4CE6-8379-D1C3CAE6BF5C}.Ad-Hoc|iPhoneSimulator.Build.0 = Debug|Any CPU
		{D04344C1-87B3-4CE6-8379-D1C3CAE6BF5C}.AppStore|Any CPU.ActiveCfg = Debug|Any CPU
		{D04344C1-87B3-4CE6-8379-D1C3CAE6BF5C}.AppStore|Any CPU.Build.0 = Debug|Any CPU
		{D04344C1-87B3-4CE6-8379-D1C3CAE6BF5C}.AppStore|iPhone.ActiveCfg = Debug|Any CPU
		{D04344C1-87B3-4CE6-8379-D1C3CAE6BF5C}.AppStore|iPhone.Build.0 = Debug|Any CPU
		{D04344C1-87B3-4CE6-8379-D1C3CAE6BF5C}.AppStore|iPhoneSimulator.ActiveCfg = Debug|Any CPU
		{D04344C1-87B3-4CE6-8379-D1C3CAE6BF5C}.AppStore|iPhoneSimulator.Build.0 = Debug|Any CPU
		{D04344C1-87B3-4CE6-8379-D1C3CAE6BF5C}.Debug|Any CPU.ActiveCfg = Debug|Any CPU
		{D04344C1-87B3-4CE6-8379-D1C3CAE6BF5C}.Debug|Any CPU.Build.0 = Debug|Any CPU
		{D04344C1-87B3-4CE6-8379-D1C3CAE6BF5C}.Debug|iPhone.ActiveCfg = Debug|Any CPU
		{D04344C1-87B3-4CE6-8379-D1C3CAE6BF5C}.Debug|iPhone.Build.0 = Debug|Any CPU
		{D04344C1-87B3-4CE6-8379-D1C3CAE6BF5C}.Debug|iPhoneSimulator.ActiveCfg = Debug|Any CPU
		{D04344C1-87B3-4CE6-8379-D1C3CAE6BF5C}.Debug|iPhoneSimulator.Build.0 = Debug|Any CPU
		{D04344C1-87B3-4CE6-8379-D1C3CAE6BF5C}.Release|Any CPU.ActiveCfg = Release|Any CPU
		{D04344C1-87B3-4CE6-8379-D1C3CAE6BF5C}.Release|Any CPU.Build.0 = Release|Any CPU
		{D04344C1-87B3-4CE6-8379-D1C3CAE6BF5C}.Release|iPhone.ActiveCfg = Release|Any CPU
		{D04344C1-87B3-4CE6-8379-D1C3CAE6BF5C}.Release|iPhone.Build.0 = Release|Any CPU
		{D04344C1-87B3-4CE6-8379-D1C3CAE6BF5C}.Release|iPhoneSimulator.ActiveCfg = Release|Any CPU
		{D04344C1-87B3-4CE6-8379-D1C3CAE6BF5C}.Release|iPhoneSimulator.Build.0 = Release|Any CPU
		{6C174D7F-8298-42AA-9652-2B9C07C456F5}.Ad-Hoc|Any CPU.ActiveCfg = Debug|Any CPU
		{6C174D7F-8298-42AA-9652-2B9C07C456F5}.Ad-Hoc|Any CPU.Build.0 = Debug|Any CPU
		{6C174D7F-8298-42AA-9652-2B9C07C456F5}.Ad-Hoc|iPhone.ActiveCfg = Debug|Any CPU
		{6C174D7F-8298-42AA-9652-2B9C07C456F5}.Ad-Hoc|iPhone.Build.0 = Debug|Any CPU
		{6C174D7F-8298-42AA-9652-2B9C07C456F5}.Ad-Hoc|iPhoneSimulator.ActiveCfg = Debug|Any CPU
		{6C174D7F-8298-42AA-9652-2B9C07C456F5}.Ad-Hoc|iPhoneSimulator.Build.0 = Debug|Any CPU
		{6C174D7F-8298-42AA-9652-2B9C07C456F5}.AppStore|Any CPU.ActiveCfg = Debug|Any CPU
		{6C174D7F-8298-42AA-9652-2B9C07C456F5}.AppStore|Any CPU.Build.0 = Debug|Any CPU
		{6C174D7F-8298-42AA-9652-2B9C07C456F5}.AppStore|iPhone.ActiveCfg = Debug|Any CPU
		{6C174D7F-8298-42AA-9652-2B9C07C456F5}.AppStore|iPhone.Build.0 = Debug|Any CPU
		{6C174D7F-8298-42AA-9652-2B9C07C456F5}.AppStore|iPhoneSimulator.ActiveCfg = Debug|Any CPU
		{6C174D7F-8298-42AA-9652-2B9C07C456F5}.AppStore|iPhoneSimulator.Build.0 = Debug|Any CPU
		{6C174D7F-8298-42AA-9652-2B9C07C456F5}.Debug|Any CPU.ActiveCfg = Debug|Any CPU
		{6C174D7F-8298-42AA-9652-2B9C07C456F5}.Debug|Any CPU.Build.0 = Debug|Any CPU
		{6C174D7F-8298-42AA-9652-2B9C07C456F5}.Debug|iPhone.ActiveCfg = Debug|Any CPU
		{6C174D7F-8298-42AA-9652-2B9C07C456F5}.Debug|iPhone.Build.0 = Debug|Any CPU
		{6C174D7F-8298-42AA-9652-2B9C07C456F5}.Debug|iPhoneSimulator.ActiveCfg = Debug|Any CPU
		{6C174D7F-8298-42AA-9652-2B9C07C456F5}.Debug|iPhoneSimulator.Build.0 = Debug|Any CPU
		{6C174D7F-8298-42AA-9652-2B9C07C456F5}.Release|Any CPU.ActiveCfg = Release|Any CPU
		{6C174D7F-8298-42AA-9652-2B9C07C456F5}.Release|Any CPU.Build.0 = Release|Any CPU
		{6C174D7F-8298-42AA-9652-2B9C07C456F5}.Release|iPhone.ActiveCfg = Release|Any CPU
		{6C174D7F-8298-42AA-9652-2B9C07C456F5}.Release|iPhone.Build.0 = Release|Any CPU
		{6C174D7F-8298-42AA-9652-2B9C07C456F5}.Release|iPhoneSimulator.ActiveCfg = Release|Any CPU
		{6C174D7F-8298-42AA-9652-2B9C07C456F5}.Release|iPhoneSimulator.Build.0 = Release|Any CPU
		{F886EEC2-3B9F-4172-9C48-7F98796C2D0B}.Ad-Hoc|Any CPU.ActiveCfg = Debug|Any CPU
		{F886EEC2-3B9F-4172-9C48-7F98796C2D0B}.Ad-Hoc|Any CPU.Build.0 = Debug|Any CPU
		{F886EEC2-3B9F-4172-9C48-7F98796C2D0B}.Ad-Hoc|iPhone.ActiveCfg = Debug|Any CPU
		{F886EEC2-3B9F-4172-9C48-7F98796C2D0B}.Ad-Hoc|iPhone.Build.0 = Debug|Any CPU
		{F886EEC2-3B9F-4172-9C48-7F98796C2D0B}.Ad-Hoc|iPhoneSimulator.ActiveCfg = Debug|Any CPU
		{F886EEC2-3B9F-4172-9C48-7F98796C2D0B}.Ad-Hoc|iPhoneSimulator.Build.0 = Debug|Any CPU
		{F886EEC2-3B9F-4172-9C48-7F98796C2D0B}.AppStore|Any CPU.ActiveCfg = Debug|Any CPU
		{F886EEC2-3B9F-4172-9C48-7F98796C2D0B}.AppStore|Any CPU.Build.0 = Debug|Any CPU
		{F886EEC2-3B9F-4172-9C48-7F98796C2D0B}.AppStore|iPhone.ActiveCfg = Debug|Any CPU
		{F886EEC2-3B9F-4172-9C48-7F98796C2D0B}.AppStore|iPhone.Build.0 = Debug|Any CPU
		{F886EEC2-3B9F-4172-9C48-7F98796C2D0B}.AppStore|iPhoneSimulator.ActiveCfg = Debug|Any CPU
		{F886EEC2-3B9F-4172-9C48-7F98796C2D0B}.AppStore|iPhoneSimulator.Build.0 = Debug|Any CPU
		{F886EEC2-3B9F-4172-9C48-7F98796C2D0B}.Debug|Any CPU.ActiveCfg = Debug|Any CPU
		{F886EEC2-3B9F-4172-9C48-7F98796C2D0B}.Debug|Any CPU.Build.0 = Debug|Any CPU
		{F886EEC2-3B9F-4172-9C48-7F98796C2D0B}.Debug|iPhone.ActiveCfg = Debug|Any CPU
		{F886EEC2-3B9F-4172-9C48-7F98796C2D0B}.Debug|iPhone.Build.0 = Debug|Any CPU
		{F886EEC2-3B9F-4172-9C48-7F98796C2D0B}.Debug|iPhoneSimulator.ActiveCfg = Debug|Any CPU
		{F886EEC2-3B9F-4172-9C48-7F98796C2D0B}.Debug|iPhoneSimulator.Build.0 = Debug|Any CPU
		{F886EEC2-3B9F-4172-9C48-7F98796C2D0B}.Release|Any CPU.ActiveCfg = Release|Any CPU
		{F886EEC2-3B9F-4172-9C48-7F98796C2D0B}.Release|Any CPU.Build.0 = Release|Any CPU
		{F886EEC2-3B9F-4172-9C48-7F98796C2D0B}.Release|iPhone.ActiveCfg = Release|Any CPU
		{F886EEC2-3B9F-4172-9C48-7F98796C2D0B}.Release|iPhone.Build.0 = Release|Any CPU
		{F886EEC2-3B9F-4172-9C48-7F98796C2D0B}.Release|iPhoneSimulator.ActiveCfg = Release|Any CPU
		{F886EEC2-3B9F-4172-9C48-7F98796C2D0B}.Release|iPhoneSimulator.Build.0 = Release|Any CPU
		{365FE35E-65DD-412E-9FD4-FA193CFD63B2}.Ad-Hoc|Any CPU.ActiveCfg = Debug|Any CPU
		{365FE35E-65DD-412E-9FD4-FA193CFD63B2}.Ad-Hoc|Any CPU.Build.0 = Debug|Any CPU
		{365FE35E-65DD-412E-9FD4-FA193CFD63B2}.Ad-Hoc|iPhone.ActiveCfg = Debug|Any CPU
		{365FE35E-65DD-412E-9FD4-FA193CFD63B2}.Ad-Hoc|iPhone.Build.0 = Debug|Any CPU
		{365FE35E-65DD-412E-9FD4-FA193CFD63B2}.Ad-Hoc|iPhoneSimulator.ActiveCfg = Debug|Any CPU
		{365FE35E-65DD-412E-9FD4-FA193CFD63B2}.Ad-Hoc|iPhoneSimulator.Build.0 = Debug|Any CPU
		{365FE35E-65DD-412E-9FD4-FA193CFD63B2}.AppStore|Any CPU.ActiveCfg = Debug|Any CPU
		{365FE35E-65DD-412E-9FD4-FA193CFD63B2}.AppStore|Any CPU.Build.0 = Debug|Any CPU
		{365FE35E-65DD-412E-9FD4-FA193CFD63B2}.AppStore|iPhone.ActiveCfg = Debug|Any CPU
		{365FE35E-65DD-412E-9FD4-FA193CFD63B2}.AppStore|iPhone.Build.0 = Debug|Any CPU
		{365FE35E-65DD-412E-9FD4-FA193CFD63B2}.AppStore|iPhoneSimulator.ActiveCfg = Debug|Any CPU
		{365FE35E-65DD-412E-9FD4-FA193CFD63B2}.AppStore|iPhoneSimulator.Build.0 = Debug|Any CPU
		{365FE35E-65DD-412E-9FD4-FA193CFD63B2}.Debug|Any CPU.ActiveCfg = Debug|Any CPU
		{365FE35E-65DD-412E-9FD4-FA193CFD63B2}.Debug|Any CPU.Build.0 = Debug|Any CPU
		{365FE35E-65DD-412E-9FD4-FA193CFD63B2}.Debug|iPhone.ActiveCfg = Debug|Any CPU
		{365FE35E-65DD-412E-9FD4-FA193CFD63B2}.Debug|iPhone.Build.0 = Debug|Any CPU
		{365FE35E-65DD-412E-9FD4-FA193CFD63B2}.Debug|iPhoneSimulator.ActiveCfg = Debug|Any CPU
		{365FE35E-65DD-412E-9FD4-FA193CFD63B2}.Debug|iPhoneSimulator.Build.0 = Debug|Any CPU
		{365FE35E-65DD-412E-9FD4-FA193CFD63B2}.Release|Any CPU.ActiveCfg = Release|Any CPU
		{365FE35E-65DD-412E-9FD4-FA193CFD63B2}.Release|Any CPU.Build.0 = Release|Any CPU
		{365FE35E-65DD-412E-9FD4-FA193CFD63B2}.Release|iPhone.ActiveCfg = Release|Any CPU
		{365FE35E-65DD-412E-9FD4-FA193CFD63B2}.Release|iPhone.Build.0 = Release|Any CPU
		{365FE35E-65DD-412E-9FD4-FA193CFD63B2}.Release|iPhoneSimulator.ActiveCfg = Release|Any CPU
		{365FE35E-65DD-412E-9FD4-FA193CFD63B2}.Release|iPhoneSimulator.Build.0 = Release|Any CPU
		{4A2F6B68-A7E7-4CA3-9CDD-665D5AEC3092}.Ad-Hoc|Any CPU.ActiveCfg = Release|Any CPU
		{4A2F6B68-A7E7-4CA3-9CDD-665D5AEC3092}.Ad-Hoc|Any CPU.Build.0 = Release|Any CPU
		{4A2F6B68-A7E7-4CA3-9CDD-665D5AEC3092}.Ad-Hoc|iPhone.ActiveCfg = Release|Any CPU
		{4A2F6B68-A7E7-4CA3-9CDD-665D5AEC3092}.Ad-Hoc|iPhone.Build.0 = Release|Any CPU
		{4A2F6B68-A7E7-4CA3-9CDD-665D5AEC3092}.Ad-Hoc|iPhoneSimulator.ActiveCfg = Release|Any CPU
		{4A2F6B68-A7E7-4CA3-9CDD-665D5AEC3092}.Ad-Hoc|iPhoneSimulator.Build.0 = Release|Any CPU
		{4A2F6B68-A7E7-4CA3-9CDD-665D5AEC3092}.AppStore|Any CPU.ActiveCfg = Release|Any CPU
		{4A2F6B68-A7E7-4CA3-9CDD-665D5AEC3092}.AppStore|Any CPU.Build.0 = Release|Any CPU
		{4A2F6B68-A7E7-4CA3-9CDD-665D5AEC3092}.AppStore|iPhone.ActiveCfg = Release|Any CPU
		{4A2F6B68-A7E7-4CA3-9CDD-665D5AEC3092}.AppStore|iPhone.Build.0 = Release|Any CPU
		{4A2F6B68-A7E7-4CA3-9CDD-665D5AEC3092}.AppStore|iPhoneSimulator.ActiveCfg = Release|Any CPU
		{4A2F6B68-A7E7-4CA3-9CDD-665D5AEC3092}.AppStore|iPhoneSimulator.Build.0 = Release|Any CPU
		{4A2F6B68-A7E7-4CA3-9CDD-665D5AEC3092}.Debug|Any CPU.ActiveCfg = Debug|Any CPU
		{4A2F6B68-A7E7-4CA3-9CDD-665D5AEC3092}.Debug|Any CPU.Build.0 = Debug|Any CPU
		{4A2F6B68-A7E7-4CA3-9CDD-665D5AEC3092}.Debug|iPhone.ActiveCfg = Debug|Any CPU
		{4A2F6B68-A7E7-4CA3-9CDD-665D5AEC3092}.Debug|iPhone.Build.0 = Debug|Any CPU
		{4A2F6B68-A7E7-4CA3-9CDD-665D5AEC3092}.Debug|iPhoneSimulator.ActiveCfg = Debug|Any CPU
		{4A2F6B68-A7E7-4CA3-9CDD-665D5AEC3092}.Debug|iPhoneSimulator.Build.0 = Debug|Any CPU
		{4A2F6B68-A7E7-4CA3-9CDD-665D5AEC3092}.Release|Any CPU.ActiveCfg = Release|Any CPU
		{4A2F6B68-A7E7-4CA3-9CDD-665D5AEC3092}.Release|Any CPU.Build.0 = Release|Any CPU
		{4A2F6B68-A7E7-4CA3-9CDD-665D5AEC3092}.Release|iPhone.ActiveCfg = Release|Any CPU
		{4A2F6B68-A7E7-4CA3-9CDD-665D5AEC3092}.Release|iPhone.Build.0 = Release|Any CPU
		{4A2F6B68-A7E7-4CA3-9CDD-665D5AEC3092}.Release|iPhoneSimulator.ActiveCfg = Release|Any CPU
		{4A2F6B68-A7E7-4CA3-9CDD-665D5AEC3092}.Release|iPhoneSimulator.Build.0 = Release|Any CPU
	EndGlobalSection
	GlobalSection(SolutionProperties) = preSolution
		HideSolutionNode = FALSE
	EndGlobalSection
	GlobalSection(NestedProjects) = preSolution
		{E13A3EE2-51E3-4231-8D9A-9B25DD6C7E9F} = {66EB42B8-A09C-4C89-AA66-D999546AF838}
		{D4184785-C480-4FCC-878B-C986B5F54334} = {66EB42B8-A09C-4C89-AA66-D999546AF838}
		{D04344C1-87B3-4CE6-8379-D1C3CAE6BF5C} = {66EB42B8-A09C-4C89-AA66-D999546AF838}
		{6C174D7F-8298-42AA-9652-2B9C07C456F5} = {66EB42B8-A09C-4C89-AA66-D999546AF838}
		{F886EEC2-3B9F-4172-9C48-7F98796C2D0B} = {31E8E863-FA74-4076-A4BD-028B63124DC4}
		{365FE35E-65DD-412E-9FD4-FA193CFD63B2} = {DF8363DD-57E9-4CF2-9930-C3334AD3B43E}
		{4A2F6B68-A7E7-4CA3-9CDD-665D5AEC3092} = {4BB7FC60-45AB-4001-8D93-86532AA7DA4B}
	EndGlobalSection
	GlobalSection(ExtensibilityGlobals) = postSolution
		SolutionGuid = {0421BA4E-E239-4612-93AB-586FB77B7A02}
	EndGlobalSection
EndGlobal
